
Microsoft Visual Studio Solution File, Format Version 12.00
# Visual Studio Version 16
VisualStudioVersion = 16.0.31410.357
MinimumVisualStudioVersion = 10.0.40219.1
Project("{FAE04EC0-301F-11D3-BF4B-00C04F79EFBC}") = "cSharpHomeWork", "cSharpHomeWork\cSharpHomeWork.csproj", "{C4672570-C44A-4771-9CB1-BDBEF6534249}"
EndProject
Project("{FAE04EC0-301F-11D3-BF4B-00C04F79EFBC}") = "HWcSharp_8", "HWcSharp_8\HWcSharp_8.csproj", "{B367ED87-AFA3-4781-B8B4-EAA684FB17B7}"
EndProject
Global
	GlobalSection(SolutionConfigurationPlatforms) = preSolution
		Debug|Any CPU = Debug|Any CPU
		Release|Any CPU = Release|Any CPU
	EndGlobalSection
	GlobalSection(ProjectConfigurationPlatforms) = postSolution
		{C4672570-C44A-4771-9CB1-BDBEF6534249}.Debug|Any CPU.ActiveCfg = Debug|Any CPU
		{C4672570-C44A-4771-9CB1-BDBEF6534249}.Debug|Any CPU.Build.0 = Debug|Any CPU
		{C4672570-C44A-4771-9CB1-BDBEF6534249}.Release|Any CPU.ActiveCfg = Release|Any CPU
		{C4672570-C44A-4771-9CB1-BDBEF6534249}.Release|Any CPU.Build.0 = Release|Any CPU
		{B367ED87-AFA3-4781-B8B4-EAA684FB17B7}.Debug|Any CPU.ActiveCfg = Debug|Any CPU
		{B367ED87-AFA3-4781-B8B4-EAA684FB17B7}.Debug|Any CPU.Build.0 = Debug|Any CPU
		{B367ED87-AFA3-4781-B8B4-EAA684FB17B7}.Release|Any CPU.ActiveCfg = Release|Any CPU
		{B367ED87-AFA3-4781-B8B4-EAA684FB17B7}.Release|Any CPU.Build.0 = Release|Any CPU
	EndGlobalSection
	GlobalSection(SolutionProperties) = preSolution
		HideSolutionNode = FALSE
	EndGlobalSection
	GlobalSection(ExtensibilityGlobals) = postSolution
		SolutionGuid = {02418162-4AB2-4782-B40C-89C75E3BCA0C}
	EndGlobalSection
EndGlobal
